// !$*UTF8*$!
{
	archiveVersion = 1;
	classes = {
	};
	objectVersion = 46;
	objects = {

/* Begin PBXBuildFile section */
		44634FC91651F3B500998466 /* UIKit.framework in Frameworks */ = {isa = PBXBuildFile; fileRef = 44634FC81651F3B500998466 /* UIKit.framework */; };
		44634FCB1651F3B500998466 /* Foundation.framework in Frameworks */ = {isa = PBXBuildFile; fileRef = 44634FCA1651F3B500998466 /* Foundation.framework */; };
		44634FCD1651F3B500998466 /* CoreGraphics.framework in Frameworks */ = {isa = PBXBuildFile; fileRef = 44634FCC1651F3B500998466 /* CoreGraphics.framework */; };
		44634FD31651F3B500998466 /* InfoPlist.strings in Resources */ = {isa = PBXBuildFile; fileRef = 44634FD11651F3B500998466 /* InfoPlist.strings */; };
		44634FD51651F3B500998466 /* main.m in Sources */ = {isa = PBXBuildFile; fileRef = 44634FD41651F3B500998466 /* main.m */; };
		44634FD91651F3B500998466 /* L4AppDelegate.m in Sources */ = {isa = PBXBuildFile; fileRef = 44634FD81651F3B500998466 /* L4AppDelegate.m */; };
		44634FDB1651F3B500998466 /* Default.png in Resources */ = {isa = PBXBuildFile; fileRef = 44634FDA1651F3B500998466 /* Default.png */; };
		44634FDD1651F3B500998466 /* Default@2x.png in Resources */ = {isa = PBXBuildFile; fileRef = 44634FDC1651F3B500998466 /* Default@2x.png */; };
		44634FDF1651F3B500998466 /* Default-568h@2x.png in Resources */ = {isa = PBXBuildFile; fileRef = 44634FDE1651F3B500998466 /* Default-568h@2x.png */; };
		44634FE21651F3B500998466 /* MainStoryboard.storyboard in Resources */ = {isa = PBXBuildFile; fileRef = 44634FE01651F3B500998466 /* MainStoryboard.storyboard */; };
		44634FE51651F3B500998466 /* L4FirstViewController.m in Sources */ = {isa = PBXBuildFile; fileRef = 44634FE41651F3B500998466 /* L4FirstViewController.m */; };
		44634FE71651F3B500998466 /* first.png in Resources */ = {isa = PBXBuildFile; fileRef = 44634FE61651F3B500998466 /* first.png */; };
		44634FE91651F3B500998466 /* first@2x.png in Resources */ = {isa = PBXBuildFile; fileRef = 44634FE81651F3B500998466 /* first@2x.png */; };
		44634FEC1651F3B500998466 /* L4SecondViewController.m in Sources */ = {isa = PBXBuildFile; fileRef = 44634FEB1651F3B500998466 /* L4SecondViewController.m */; };
		44634FEE1651F3B500998466 /* second.png in Resources */ = {isa = PBXBuildFile; fileRef = 44634FED1651F3B500998466 /* second.png */; };
		44634FF01651F3B500998466 /* second@2x.png in Resources */ = {isa = PBXBuildFile; fileRef = 44634FEF1651F3B500998466 /* second@2x.png */; };
		446350301651F4F300998466 /* L4DetailViewController.m in Sources */ = {isa = PBXBuildFile; fileRef = 4463502D1651F4F300998466 /* L4DetailViewController.m */; };
		446350311651F4F300998466 /* L4MasterViewController.m in Sources */ = {isa = PBXBuildFile; fileRef = 4463502F1651F4F300998466 /* L4MasterViewController.m */; };
/* End PBXBuildFile section */

/* Begin PBXFileReference section */
		44634FC41651F3B500998466 /* Inv.app */ = {isa = PBXFileReference; explicitFileType = wrapper.application; includeInIndex = 0; path = Inv.app; sourceTree = BUILT_PRODUCTS_DIR; };
		44634FC81651F3B500998466 /* UIKit.framework */ = {isa = PBXFileReference; lastKnownFileType = wrapper.framework; name = UIKit.framework; path = System/Library/Frameworks/UIKit.framework; sourceTree = SDKROOT; };
		44634FCA1651F3B500998466 /* Foundation.framework */ = {isa = PBXFileReference; lastKnownFileType = wrapper.framework; name = Foundation.framework; path = System/Library/Frameworks/Foundation.framework; sourceTree = SDKROOT; };
		44634FCC1651F3B500998466 /* CoreGraphics.framework */ = {isa = PBXFileReference; lastKnownFileType = wrapper.framework; name = CoreGraphics.framework; path = System/Library/Frameworks/CoreGraphics.framework; sourceTree = SDKROOT; };
		44634FD01651F3B500998466 /* Inv-Info.plist */ = {isa = PBXFileReference; lastKnownFileType = text.plist.xml; path = "Inv-Info.plist"; sourceTree = "<group>"; };
		44634FD21651F3B500998466 /* en */ = {isa = PBXFileReference; lastKnownFileType = text.plist.strings; name = en; path = en.lproj/InfoPlist.strings; sourceTree = "<group>"; };
		44634FD41651F3B500998466 /* main.m */ = {isa = PBXFileReference; lastKnownFileType = sourcecode.c.objc; path = main.m; sourceTree = "<group>"; };
		44634FD61651F3B500998466 /* Inv-Prefix.pch */ = {isa = PBXFileReference; lastKnownFileType = sourcecode.c.h; path = "Inv-Prefix.pch"; sourceTree = "<group>"; };
		44634FD71651F3B500998466 /* L4AppDelegate.h */ = {isa = PBXFileReference; lastKnownFileType = sourcecode.c.h; path = L4AppDelegate.h; sourceTree = "<group>"; };
		44634FD81651F3B500998466 /* L4AppDelegate.m */ = {isa = PBXFileReference; lastKnownFileType = sourcecode.c.objc; path = L4AppDelegate.m; sourceTree = "<group>"; };
		44634FDA1651F3B500998466 /* Default.png */ = {isa = PBXFileReference; lastKnownFileType = image.png; path = Default.png; sourceTree = "<group>"; };
		44634FDC1651F3B500998466 /* Default@2x.png */ = {isa = PBXFileReference; lastKnownFileType = image.png; path = "Default@2x.png"; sourceTree = "<group>"; };
		44634FDE1651F3B500998466 /* Default-568h@2x.png */ = {isa = PBXFileReference; lastKnownFileType = image.png; path = "Default-568h@2x.png"; sourceTree = "<group>"; };
		44634FE11651F3B500998466 /* en */ = {isa = PBXFileReference; lastKnownFileType = file.storyboard; name = en; path = en.lproj/MainStoryboard.storyboard; sourceTree = "<group>"; };
		44634FE31651F3B500998466 /* L4FirstViewController.h */ = {isa = PBXFileReference; lastKnownFileType = sourcecode.c.h; path = L4FirstViewController.h; sourceTree = "<group>"; };
		44634FE41651F3B500998466 /* L4FirstViewController.m */ = {isa = PBXFileReference; lastKnownFileType = sourcecode.c.objc; path = L4FirstViewController.m; sourceTree = "<group>"; };
		44634FE61651F3B500998466 /* first.png */ = {isa = PBXFileReference; lastKnownFileType = image.png; path = first.png; sourceTree = "<group>"; };
		44634FE81651F3B500998466 /* first@2x.png */ = {isa = PBXFileReference; lastKnownFileType = image.png; path = "first@2x.png"; sourceTree = "<group>"; };
		44634FEA1651F3B500998466 /* L4SecondViewController.h */ = {isa = PBXFileReference; lastKnownFileType = sourcecode.c.h; path = L4SecondViewController.h; sourceTree = "<group>"; };
		44634FEB1651F3B500998466 /* L4SecondViewController.m */ = {isa = PBXFileReference; lastKnownFileType = sourcecode.c.objc; path = L4SecondViewController.m; sourceTree = "<group>"; };
		44634FED1651F3B500998466 /* second.png */ = {isa = PBXFileReference; lastKnownFileType = image.png; path = second.png; sourceTree = "<group>"; };
		44634FEF1651F3B500998466 /* second@2x.png */ = {isa = PBXFileReference; lastKnownFileType = image.png; path = "second@2x.png"; sourceTree = "<group>"; };
		4463502C1651F4F300998466 /* L4DetailViewController.h */ = {isa = PBXFileReference; fileEncoding = 4; lastKnownFileType = sourcecode.c.h; path = L4DetailViewController.h; sourceTree = "<group>"; };
		4463502D1651F4F300998466 /* L4DetailViewController.m */ = {isa = PBXFileReference; fileEncoding = 4; lastKnownFileType = sourcecode.c.objc; path = L4DetailViewController.m; sourceTree = "<group>"; };
		4463502E1651F4F300998466 /* L4MasterViewController.h */ = {isa = PBXFileReference; fileEncoding = 4; lastKnownFileType = sourcecode.c.h; path = L4MasterViewController.h; sourceTree = "<group>"; };
		4463502F1651F4F300998466 /* L4MasterViewController.m */ = {isa = PBXFileReference; fileEncoding = 4; lastKnownFileType = sourcecode.c.objc; path = L4MasterViewController.m; sourceTree = "<group>"; };
/* End PBXFileReference section */

/* Begin PBXFrameworksBuildPhase section */
		44634FC11651F3B500998466 /* Frameworks */ = {
			isa = PBXFrameworksBuildPhase;
			buildActionMask = 2147483647;
			files = (
				44634FC91651F3B500998466 /* UIKit.framework in Frameworks */,
				44634FCB1651F3B500998466 /* Foundation.framework in Frameworks */,
				44634FCD1651F3B500998466 /* CoreGraphics.framework in Frameworks */,
			);
			runOnlyForDeploymentPostprocessing = 0;
		};
/* End PBXFrameworksBuildPhase section */

/* Begin PBXGroup section */
		44634FB91651F3B500998466 = {
			isa = PBXGroup;
			children = (
				44634FCE1651F3B500998466 /* Inv */,
				44634FC71651F3B500998466 /* Frameworks */,
				44634FC51651F3B500998466 /* Products */,
			);
			sourceTree = "<group>";
		};
		44634FC51651F3B500998466 /* Products */ = {
			isa = PBXGroup;
			children = (
				44634FC41651F3B500998466 /* Inv.app */,
			);
			name = Products;
			sourceTree = "<group>";
		};
		44634FC71651F3B500998466 /* Frameworks */ = {
			isa = PBXGroup;
			children = (
				44634FC81651F3B500998466 /* UIKit.framework */,
				44634FCA1651F3B500998466 /* Foundation.framework */,
				44634FCC1651F3B500998466 /* CoreGraphics.framework */,
			);
			name = Frameworks;
			sourceTree = "<group>";
		};
		44634FCE1651F3B500998466 /* Inv */ = {
			isa = PBXGroup;
			children = (
				4463502B1651F4E500998466 /* Clients */,
				44634FD71651F3B500998466 /* L4AppDelegate.h */,
				44634FD81651F3B500998466 /* L4AppDelegate.m */,
				44634FE01651F3B500998466 /* MainStoryboard.storyboard */,
				44634FE31651F3B500998466 /* L4FirstViewController.h */,
				44634FE41651F3B500998466 /* L4FirstViewController.m */,
				44634FE61651F3B500998466 /* first.png */,
				44634FE81651F3B500998466 /* first@2x.png */,
				44634FEA1651F3B500998466 /* L4SecondViewController.h */,
				44634FEB1651F3B500998466 /* L4SecondViewController.m */,
				44634FED1651F3B500998466 /* second.png */,
				44634FEF1651F3B500998466 /* second@2x.png */,
				44634FCF1651F3B500998466 /* Supporting Files */,
			);
			path = Inv;
			sourceTree = "<group>";
		};
		44634FCF1651F3B500998466 /* Supporting Files */ = {
			isa = PBXGroup;
			children = (
				44634FD01651F3B500998466 /* Inv-Info.plist */,
				44634FD11651F3B500998466 /* InfoPlist.strings */,
				44634FD41651F3B500998466 /* main.m */,
				44634FD61651F3B500998466 /* Inv-Prefix.pch */,
				44634FDA1651F3B500998466 /* Default.png */,
				44634FDC1651F3B500998466 /* Default@2x.png */,
				44634FDE1651F3B500998466 /* Default-568h@2x.png */,
			);
			name = "Supporting Files";
			sourceTree = "<group>";
		};
		4463502B1651F4E500998466 /* Clients */ = {
			isa = PBXGroup;
			children = (
				4463502C1651F4F300998466 /* L4DetailViewController.h */,
				4463502D1651F4F300998466 /* L4DetailViewController.m */,
				4463502E1651F4F300998466 /* L4MasterViewController.h */,
				4463502F1651F4F300998466 /* L4MasterViewController.m */,
			);
			name = Clients;
			sourceTree = "<group>";
		};
/* End PBXGroup section */

/* Begin PBXNativeTarget section */
		44634FC31651F3B500998466 /* Inv */ = {
			isa = PBXNativeTarget;
			buildConfigurationList = 44634FF31651F3B500998466 /* Build configuration list for PBXNativeTarget "Inv" */;
			buildPhases = (
				44634FC01651F3B500998466 /* Sources */,
				44634FC11651F3B500998466 /* Frameworks */,
				44634FC21651F3B500998466 /* Resources */,
			);
			buildRules = (
			);
			dependencies = (
			);
			name = Inv;
			productName = Inv;
			productReference = 44634FC41651F3B500998466 /* Inv.app */;
			productType = "com.apple.product-type.application";
		};
/* End PBXNativeTarget section */

/* Begin PBXProject section */
		44634FBB1651F3B500998466 /* Project object */ = {
			isa = PBXProject;
			attributes = {
				CLASSPREFIX = L4;
				LastUpgradeCheck = 0450;
				ORGANIZATIONNAME = "LIM4 Consulting Inc.";
			};
			buildConfigurationList = 44634FBE1651F3B500998466 /* Build configuration list for PBXProject "Inv" */;
			compatibilityVersion = "Xcode 3.2";
			developmentRegion = English;
			hasScannedForEncodings = 0;
			knownRegions = (
				en,
			);
			mainGroup = 44634FB91651F3B500998466;
			productRefGroup = 44634FC51651F3B500998466 /* Products */;
			projectDirPath = "";
			projectRoot = "";
			targets = (
				44634FC31651F3B500998466 /* Inv */,
			);
		};
/* End PBXProject section */

/* Begin PBXResourcesBuildPhase section */
		44634FC21651F3B500998466 /* Resources */ = {
			isa = PBXResourcesBuildPhase;
			buildActionMask = 2147483647;
			files = (
				44634FD31651F3B500998466 /* InfoPlist.strings in Resources */,
				44634FDB1651F3B500998466 /* Default.png in Resources */,
				44634FDD1651F3B500998466 /* Default@2x.png in Resources */,
				44634FDF1651F3B500998466 /* Default-568h@2x.png in Resources */,
				44634FE21651F3B500998466 /* MainStoryboard.storyboard in Resources */,
				44634FE71651F3B500998466 /* first.png in Resources */,
				44634FE91651F3B500998466 /* first@2x.png in Resources */,
				44634FEE1651F3B500998466 /* second.png in Resources */,
				44634FF01651F3B500998466 /* second@2x.png in Resources */,
			);
			runOnlyForDeploymentPostprocessing = 0;
		};
/* End PBXResourcesBuildPhase section */

/* Begin PBXSourcesBuildPhase section */
		44634FC01651F3B500998466 /* Sources */ = {
			isa = PBXSourcesBuildPhase;
			buildActionMask = 2147483647;
			files = (
				44634FD51651F3B500998466 /* main.m in Sources */,
				44634FD91651F3B500998466 /* L4AppDelegate.m in Sources */,
				44634FE51651F3B500998466 /* L4FirstViewController.m in Sources */,
				44634FEC1651F3B500998466 /* L4SecondViewController.m in Sources */,
				446350301651F4F300998466 /* L4DetailViewController.m in Sources */,
				446350311651F4F300998466 /* L4MasterViewController.m in Sources */,
			);
			runOnlyForDeploymentPostprocessing = 0;
		};
/* End PBXSourcesBuildPhase section */

/* Begin PBXVariantGroup section */
		44634FD11651F3B500998466 /* InfoPlist.strings */ = {
			isa = PBXVariantGroup;
			children = (
				44634FD21651F3B500998466 /* en */,
			);
			name = InfoPlist.strings;
			sourceTree = "<group>";
		};
		44634FE01651F3B500998466 /* MainStoryboard.storyboard */ = {
			isa = PBXVariantGroup;
			children = (
				44634FE11651F3B500998466 /* en */,
			);
			name = MainStoryboard.storyboard;
			sourceTree = "<group>";
		};
/* End PBXVariantGroup section */

/* Begin XCBuildConfiguration section */
		44634FF11651F3B500998466 /* Debug */ = {
			isa = XCBuildConfiguration;
			buildSettings = {
				ALWAYS_SEARCH_USER_PATHS = NO;
				CLANG_CXX_LANGUAGE_STANDARD = "gnu++0x";
				CLANG_CXX_LIBRARY = "libc++";
				CLANG_ENABLE_OBJC_ARC = YES;
				CLANG_WARN_EMPTY_BODY = YES;
				CLANG_WARN__DUPLICATE_METHOD_MATCH = YES;
				"CODE_SIGN_IDENTITY[sdk=iphoneos*]" = "iPhone Developer";
				COPY_PHASE_STRIP = NO;
				GCC_C_LANGUAGE_STANDARD = gnu99;
				GCC_DYNAMIC_NO_PIC = NO;
				GCC_OPTIMIZATION_LEVEL = 0;
				GCC_PREPROCESSOR_DEFINITIONS = (
					"DEBUG=1",
					"$(inherited)",
				);
				GCC_SYMBOLS_PRIVATE_EXTERN = NO;
				GCC_WARN_ABOUT_RETURN_TYPE = YES;
				GCC_WARN_UNINITIALIZED_AUTOS = YES;
				GCC_WARN_UNUSED_VARIABLE = YES;
				IPHONEOS_DEPLOYMENT_TARGET = 6.0;
				ONLY_ACTIVE_ARCH = YES;
				SDKROOT = iphoneos;
				TARGETED_DEVICE_FAMILY = 2;
			};
			name = Debug;
		};
		44634FF21651F3B500998466 /* Release */ = {
			isa = XCBuildConfiguration;
			buildSettings = {
				ALWAYS_SEARCH_USER_PATHS = NO;
				CLANG_CXX_LANGUAGE_STANDARD = "gnu++0x";
				CLANG_CXX_LIBRARY = "libc++";
				CLANG_ENABLE_OBJC_ARC = YES;
				CLANG_WARN_EMPTY_BODY = YES;
				CLANG_WARN__DUPLICATE_METHOD_MATCH = YES;
				"CODE_SIGN_IDENTITY[sdk=iphoneos*]" = "iPhone Developer";
				COPY_PHASE_STRIP = YES;
				GCC_C_LANGUAGE_STANDARD = gnu99;
				GCC_WARN_ABOUT_RETURN_TYPE = YES;
				GCC_WARN_UNINITIALIZED_AUTOS = YES;
				GCC_WARN_UNUSED_VARIABLE = YES;
				IPHONEOS_DEPLOYMENT_TARGET = 6.0;
				OTHER_CFLAGS = "-DNS_BLOCK_ASSERTIONS=1";
				SDKROOT = iphoneos;
				TARGETED_DEVICE_FAMILY = 2;
				VALIDATE_PRODUCT = YES;
			};
			name = Release;
		};
		44634FF41651F3B500998466 /* Debug */ = {
			isa = XCBuildConfiguration;
			buildSettings = {
				GCC_PRECOMPILE_PREFIX_HEADER = YES;
				GCC_PREFIX_HEADER = "Inv/Inv-Prefix.pch";
				INFOPLIST_FILE = "Inv/Inv-Info.plist";
				PRODUCT_NAME = "$(TARGET_NAME)";
				WRAPPER_EXTENSION = app;
			};
			name = Debug;
		};
		44634FF51651F3B500998466 /* Release */ = {
			isa = XCBuildConfiguration;
			buildSettings = {
				GCC_PRECOMPILE_PREFIX_HEADER = YES;
				GCC_PREFIX_HEADER = "Inv/Inv-Prefix.pch";
				INFOPLIST_FILE = "Inv/Inv-Info.plist";
				PRODUCT_NAME = "$(TARGET_NAME)";
				WRAPPER_EXTENSION = app;
			};
			name = Release;
		};
/* End XCBuildConfiguration section */

/* Begin XCConfigurationList section */
		44634FBE1651F3B500998466 /* Build configuration list for PBXProject "Inv" */ = {
			isa = XCConfigurationList;
			buildConfigurations = (
				44634FF11651F3B500998466 /* Debug */,
				44634FF21651F3B500998466 /* Release */,
			);
			defaultConfigurationIsVisible = 0;
			defaultConfigurationName = Release;
		};
		44634FF31651F3B500998466 /* Build configuration list for PBXNativeTarget "Inv" */ = {
			isa = XCConfigurationList;
			buildConfigurations = (
				44634FF41651F3B500998466 /* Debug */,
				44634FF51651F3B500998466 /* Release */,
			);
			defaultConfigurationIsVisible = 0;
		};
/* End XCConfigurationList section */
	};
	rootObject = 44634FBB1651F3B500998466 /* Project object */;
}
